
Microsoft Visual Studio Solution File, Format Version 12.00
# Visual Studio Version 17
VisualStudioVersion = 17.2.32602.215
MinimumVisualStudioVersion = 10.0.40219.1
Project("{9A19103F-16F7-4668-BE54-9A1E7A4F7556}") = "WebApi", "src\WebApi\WebApi.csproj", "{0D2DF6FA-DDBE-40E0-810C-955C726E6DAA}"
EndProject
Project("{9A19103F-16F7-4668-BE54-9A1E7A4F7556}") = "Infrastructure", "src\Infrastructure\Infrastructure.csproj", "{C0E20555-C998-4720-B5D0-06AFE4CDA5D1}"
EndProject
Project("{9A19103F-16F7-4668-BE54-9A1E7A4F7556}") = "Core", "src\Core\Core.csproj", "{55C97107-6E22-4A0F-B8C9-78339782D51C}"
EndProject
Global
	GlobalSection(SolutionConfigurationPlatforms) = preSolution
		Debug|Any CPU = Debug|Any CPU
		Release|Any CPU = Release|Any CPU
	EndGlobalSection
	GlobalSection(ProjectConfigurationPlatforms) = postSolution
		{0D2DF6FA-DDBE-40E0-810C-955C726E6DAA}.Debug|Any CPU.ActiveCfg = Debug|Any CPU
		{0D2DF6FA-DDBE-40E0-810C-955C726E6DAA}.Debug|Any CPU.Build.0 = Debug|Any CPU
		{0D2DF6FA-DDBE-40E0-810C-955C726E6DAA}.Release|Any CPU.ActiveCfg = Release|Any CPU
		{0D2DF6FA-DDBE-40E0-810C-955C726E6DAA}.Release|Any CPU.Build.0 = Release|Any CPU
		{C0E20555-C998-4720-B5D0-06AFE4CDA5D1}.Debug|Any CPU.ActiveCfg = Debug|Any CPU
		{C0E20555-C998-4720-B5D0-06AFE4CDA5D1}.Debug|Any CPU.Build.0 = Debug|Any CPU
		{C0E20555-C998-4720-B5D0-06AFE4CDA5D1}.Release|Any CPU.ActiveCfg = Release|Any CPU
		{C0E20555-C998-4720-B5D0-06AFE4CDA5D1}.Release|Any CPU.Build.0 = Release|Any CPU
		{55C97107-6E22-4A0F-B8C9-78339782D51C}.Debug|Any CPU.ActiveCfg = Debug|Any CPU
		{55C97107-6E22-4A0F-B8C9-78339782D51C}.Debug|Any CPU.Build.0 = Debug|Any CPU
		{55C97107-6E22-4A0F-B8C9-78339782D51C}.Release|Any CPU.ActiveCfg = Release|Any CPU
		{55C97107-6E22-4A0F-B8C9-78339782D51C}.Release|Any CPU.Build.0 = Release|Any CPU
	EndGlobalSection
	GlobalSection(SolutionProperties) = preSolution
		HideSolutionNode = FALSE
	EndGlobalSection
	GlobalSection(ExtensibilityGlobals) = postSolution
		SolutionGuid = {FB4F4D86-D5EE-4962-9FDF-F18FEAB1A4FB}
	EndGlobalSection
EndGlobal
